// !$*UTF8*$!
{
	archiveVersion = 1;
	classes = {
	};
	objectVersion = 46;
	objects = {

/* Begin PBXBuildFile section */
		7ECB3C531D2A96840089147C /* main.m in Sources */ = {isa = PBXBuildFile; fileRef = 7ECB3C521D2A96840089147C /* main.m */; };
		7ECB3C561D2A96840089147C /* AppDelegate.m in Sources */ = {isa = PBXBuildFile; fileRef = 7ECB3C551D2A96840089147C /* AppDelegate.m */; };
		7ECB3C591D2A96840089147C /* ViewController.m in Sources */ = {isa = PBXBuildFile; fileRef = 7ECB3C581D2A96840089147C /* ViewController.m */; };
		7ECB3C5C1D2A96840089147C /* Main.storyboard in Resources */ = {isa = PBXBuildFile; fileRef = 7ECB3C5A1D2A96840089147C /* Main.storyboard */; };
		7ECB3C5E1D2A96840089147C /* Assets.xcassets in Resources */ = {isa = PBXBuildFile; fileRef = 7ECB3C5D1D2A96840089147C /* Assets.xcassets */; };
		7ECB3C611D2A96840089147C /* LaunchScreen.storyboard in Resources */ = {isa = PBXBuildFile; fileRef = 7ECB3C5F1D2A96840089147C /* LaunchScreen.storyboard */; };
		7ECB3C6C1D2A96840089147C /* _2______Tests.m in Sources */ = {isa = PBXBuildFile; fileRef = 7ECB3C6B1D2A96840089147C /* _2______Tests.m */; };
		7ECB3C771D2A96840089147C /* _2______UITests.m in Sources */ = {isa = PBXBuildFile; fileRef = 7ECB3C761D2A96840089147C /* _2______UITests.m */; };
/* End PBXBuildFile section */

/* Begin PBXContainerItemProxy section */
		7ECB3C681D2A96840089147C /* PBXContainerItemProxy */ = {
			isa = PBXContainerItemProxy;
			containerPortal = 7ECB3C461D2A96840089147C /* Project object */;
			proxyType = 1;
			remoteGlobalIDString = 7ECB3C4D1D2A96840089147C;
			remoteInfo = "12-图片轮播器";
		};
		7ECB3C731D2A96840089147C /* PBXContainerItemProxy */ = {
			isa = PBXContainerItemProxy;
			containerPortal = 7ECB3C461D2A96840089147C /* Project object */;
			proxyType = 1;
			remoteGlobalIDString = 7ECB3C4D1D2A96840089147C;
			remoteInfo = "12-图片轮播器";
		};
/* End PBXContainerItemProxy section */

/* Begin PBXFileReference section */
		7ECB3C4E1D2A96840089147C /* 12-图片轮播器.app */ = {isa = PBXFileReference; explicitFileType = wrapper.application; includeInIndex = 0; path = "12-图片轮播器.app"; sourceTree = BUILT_PRODUCTS_DIR; };
		7ECB3C521D2A96840089147C /* main.m */ = {isa = PBXFileReference; lastKnownFileType = sourcecode.c.objc; path = main.m; sourceTree = "<group>"; };
		7ECB3C541D2A96840089147C /* AppDelegate.h */ = {isa = PBXFileReference; lastKnownFileType = sourcecode.c.h; path = AppDelegate.h; sourceTree = "<group>"; };
		7ECB3C551D2A96840089147C /* AppDelegate.m */ = {isa = PBXFileReference; lastKnownFileType = sourcecode.c.objc; path = AppDelegate.m; sourceTree = "<group>"; };
		7ECB3C571D2A96840089147C /* ViewController.h */ = {isa = PBXFileReference; lastKnownFileType = sourcecode.c.h; path = ViewController.h; sourceTree = "<group>"; };
		7ECB3C581D2A96840089147C /* ViewController.m */ = {isa = PBXFileReference; lastKnownFileType = sourcecode.c.objc; path = ViewController.m; sourceTree = "<group>"; };
		7ECB3C5B1D2A96840089147C /* Base */ = {isa = PBXFileReference; lastKnownFileType = file.storyboard; name = Base; path = Base.lproj/Main.storyboard; sourceTree = "<group>"; };
		7ECB3C5D1D2A96840089147C /* Assets.xcassets */ = {isa = PBXFileReference; lastKnownFileType = folder.assetcatalog; path = Assets.xcassets; sourceTree = "<group>"; };
		7ECB3C601D2A96840089147C /* Base */ = {isa = PBXFileReference; lastKnownFileType = file.storyboard; name = Base; path = Base.lproj/LaunchScreen.storyboard; sourceTree = "<group>"; };
		7ECB3C621D2A96840089147C /* Info.plist */ = {isa = PBXFileReference; lastKnownFileType = text.plist.xml; path = Info.plist; sourceTree = "<group>"; };
		7ECB3C671D2A96840089147C /* 12-图片轮播器Tests.xctest */ = {isa = PBXFileReference; explicitFileType = wrapper.cfbundle; includeInIndex = 0; path = "12-图片轮播器Tests.xctest"; sourceTree = BUILT_PRODUCTS_DIR; };
		7ECB3C6B1D2A96840089147C /* _2______Tests.m */ = {isa = PBXFileReference; lastKnownFileType = sourcecode.c.objc; path = "_2______Tests.m"; sourceTree = "<group>"; };
		7ECB3C6D1D2A96840089147C /* Info.plist */ = {isa = PBXFileReference; lastKnownFileType = text.plist.xml; path = Info.plist; sourceTree = "<group>"; };
		7ECB3C721D2A96840089147C /* 12-图片轮播器UITests.xctest */ = {isa = PBXFileReference; explicitFileType = wrapper.cfbundle; includeInIndex = 0; path = "12-图片轮播器UITests.xctest"; sourceTree = BUILT_PRODUCTS_DIR; };
		7ECB3C761D2A96840089147C /* _2______UITests.m */ = {isa = PBXFileReference; lastKnownFileType = sourcecode.c.objc; path = "_2______UITests.m"; sourceTree = "<group>"; };
		7ECB3C781D2A96840089147C /* Info.plist */ = {isa = PBXFileReference; lastKnownFileType = text.plist.xml; path = Info.plist; sourceTree = "<group>"; };
/* End PBXFileReference section */

/* Begin PBXFrameworksBuildPhase section */
		7ECB3C4B1D2A96840089147C /* Frameworks */ = {
			isa = PBXFrameworksBuildPhase;
			buildActionMask = 2147483647;
			files = (
			);
			runOnlyForDeploymentPostprocessing = 0;
		};
		7ECB3C641D2A96840089147C /* Frameworks */ = {
			isa = PBXFrameworksBuildPhase;
			buildActionMask = 2147483647;
			files = (
			);
			runOnlyForDeploymentPostprocessing = 0;
		};
		7ECB3C6F1D2A96840089147C /* Frameworks */ = {
			isa = PBXFrameworksBuildPhase;
			buildActionMask = 2147483647;
			files = (
			);
			runOnlyForDeploymentPostprocessing = 0;
		};
/* End PBXFrameworksBuildPhase section */

/* Begin PBXGroup section */
		7ECB3C451D2A96840089147C = {
			isa = PBXGroup;
			children = (
				7ECB3C501D2A96840089147C /* 12-图片轮播器 */,
				7ECB3C6A1D2A96840089147C /* 12-图片轮播器Tests */,
				7ECB3C751D2A96840089147C /* 12-图片轮播器UITests */,
				7ECB3C4F1D2A96840089147C /* Products */,
			);
			sourceTree = "<group>";
		};
		7ECB3C4F1D2A96840089147C /* Products */ = {
			isa = PBXGroup;
			children = (
				7ECB3C4E1D2A96840089147C /* 12-图片轮播器.app */,
				7ECB3C671D2A96840089147C /* 12-图片轮播器Tests.xctest */,
				7ECB3C721D2A96840089147C /* 12-图片轮播器UITests.xctest */,
			);
			name = Products;
			sourceTree = "<group>";
		};
		7ECB3C501D2A96840089147C /* 12-图片轮播器 */ = {
			isa = PBXGroup;
			children = (
				7ECB3C541D2A96840089147C /* AppDelegate.h */,
				7ECB3C551D2A96840089147C /* AppDelegate.m */,
				7ECB3C571D2A96840089147C /* ViewController.h */,
				7ECB3C581D2A96840089147C /* ViewController.m */,
				7ECB3C5A1D2A96840089147C /* Main.storyboard */,
				7ECB3C5D1D2A96840089147C /* Assets.xcassets */,
				7ECB3C5F1D2A96840089147C /* LaunchScreen.storyboard */,
				7ECB3C621D2A96840089147C /* Info.plist */,
				7ECB3C511D2A96840089147C /* Supporting Files */,
			);
			path = "12-图片轮播器";
			sourceTree = "<group>";
		};
		7ECB3C511D2A96840089147C /* Supporting Files */ = {
			isa = PBXGroup;
			children = (
				7ECB3C521D2A96840089147C /* main.m */,
			);
			name = "Supporting Files";
			sourceTree = "<group>";
		};
		7ECB3C6A1D2A96840089147C /* 12-图片轮播器Tests */ = {
			isa = PBXGroup;
			children = (
				7ECB3C6B1D2A96840089147C /* _2______Tests.m */,
				7ECB3C6D1D2A96840089147C /* Info.plist */,
			);
			path = "12-图片轮播器Tests";
			sourceTree = "<group>";
		};
		7ECB3C751D2A96840089147C /* 12-图片轮播器UITests */ = {
			isa = PBXGroup;
			children = (
				7ECB3C761D2A96840089147C /* _2______UITests.m */,
				7ECB3C781D2A96840089147C /* Info.plist */,
			);
			path = "12-图片轮播器UITests";
			sourceTree = "<group>";
		};
/* End PBXGroup section */

/* Begin PBXNativeTarget section */
		7ECB3C4D1D2A96840089147C /* 12-图片轮播器 */ = {
			isa = PBXNativeTarget;
			buildConfigurationList = 7ECB3C7B1D2A96840089147C /* Build configuration list for PBXNativeTarget "12-图片轮播器" */;
			buildPhases = (
				7ECB3C4A1D2A96840089147C /* Sources */,
				7ECB3C4B1D2A96840089147C /* Frameworks */,
				7ECB3C4C1D2A96840089147C /* Resources */,
			);
			buildRules = (
			);
			dependencies = (
			);
			name = "12-图片轮播器";
			productName = "12-图片轮播器";
			productReference = 7ECB3C4E1D2A96840089147C /* 12-图片轮播器.app */;
			productType = "com.apple.product-type.application";
		};
		7ECB3C661D2A96840089147C /* 12-图片轮播器Tests */ = {
			isa = PBXNativeTarget;
			buildConfigurationList = 7ECB3C7E1D2A96840089147C /* Build configuration list for PBXNativeTarget "12-图片轮播器Tests" */;
			buildPhases = (
				7ECB3C631D2A96840089147C /* Sources */,
				7ECB3C641D2A96840089147C /* Frameworks */,
				7ECB3C651D2A96840089147C /* Resources */,
			);
			buildRules = (
			);
			dependencies = (
				7ECB3C691D2A96840089147C /* PBXTargetDependency */,
			);
			name = "12-图片轮播器Tests";
			productName = "12-图片轮播器Tests";
			productReference = 7ECB3C671D2A96840089147C /* 12-图片轮播器Tests.xctest */;
			productType = "com.apple.product-type.bundle.unit-test";
		};
		7ECB3C711D2A96840089147C /* 12-图片轮播器UITests */ = {
			isa = PBXNativeTarget;
			buildConfigurationList = 7ECB3C811D2A96840089147C /* Build configuration list for PBXNativeTarget "12-图片轮播器UITests" */;
			buildPhases = (
				7ECB3C6E1D2A96840089147C /* Sources */,
				7ECB3C6F1D2A96840089147C /* Frameworks */,
				7ECB3C701D2A96840089147C /* Resources */,
			);
			buildRules = (
			);
			dependencies = (
				7ECB3C741D2A96840089147C /* PBXTargetDependency */,
			);
			name = "12-图片轮播器UITests";
			productName = "12-图片轮播器UITests";
			productReference = 7ECB3C721D2A96840089147C /* 12-图片轮播器UITests.xctest */;
			productType = "com.apple.product-type.bundle.ui-testing";
		};
/* End PBXNativeTarget section */

/* Begin PBXProject section */
		7ECB3C461D2A96840089147C /* Project object */ = {
			isa = PBXProject;
			attributes = {
				LastUpgradeCheck = 0730;
				ORGANIZATIONNAME = SDD;
				TargetAttributes = {
					7ECB3C4D1D2A96840089147C = {
						CreatedOnToolsVersion = 7.3.1;
						DevelopmentTeam = P23TNUYQ7Q;
					};
					7ECB3C661D2A96840089147C = {
						CreatedOnToolsVersion = 7.3.1;
						DevelopmentTeam = P23TNUYQ7Q;
						TestTargetID = 7ECB3C4D1D2A96840089147C;
					};
					7ECB3C711D2A96840089147C = {
						CreatedOnToolsVersion = 7.3.1;
						DevelopmentTeam = P23TNUYQ7Q;
						TestTargetID = 7ECB3C4D1D2A96840089147C;
					};
				};
			};
			buildConfigurationList = 7ECB3C491D2A96840089147C /* Build configuration list for PBXProject "12-图片轮播器" */;
			compatibilityVersion = "Xcode 3.2";
			developmentRegion = English;
			hasScannedForEncodings = 0;
			knownRegions = (
				en,
				Base,
			);
			mainGroup = 7ECB3C451D2A96840089147C;
			productRefGroup = 7ECB3C4F1D2A96840089147C /* Products */;
			projectDirPath = "";
			projectRoot = "";
			targets = (
				7ECB3C4D1D2A96840089147C /* 12-图片轮播器 */,
				7ECB3C661D2A96840089147C /* 12-图片轮播器Tests */,
				7ECB3C711D2A96840089147C /* 12-图片轮播器UITests */,
			);
		};
/* End PBXProject section */

/* Begin PBXResourcesBuildPhase section */
		7ECB3C4C1D2A96840089147C /* Resources */ = {
			isa = PBXResourcesBuildPhase;
			buildActionMask = 2147483647;
			files = (
				7ECB3C611D2A96840089147C /* LaunchScreen.storyboard in Resources */,
				7ECB3C5E1D2A96840089147C /* Assets.xcassets in Resources */,
				7ECB3C5C1D2A96840089147C /* Main.storyboard in Resources */,
			);
			runOnlyForDeploymentPostprocessing = 0;
		};
		7ECB3C651D2A96840089147C /* Resources */ = {
			isa = PBXResourcesBuildPhase;
			buildActionMask = 2147483647;
			files = (
			);
			runOnlyForDeploymentPostprocessing = 0;
		};
		7ECB3C701D2A96840089147C /* Resources */ = {
			isa = PBXResourcesBuildPhase;
			buildActionMask = 2147483647;
			files = (
			);
			runOnlyForDeploymentPostprocessing = 0;
		};
/* End PBXResourcesBuildPhase section */

/* Begin PBXSourcesBuildPhase section */
		7ECB3C4A1D2A96840089147C /* Sources */ = {
			isa = PBXSourcesBuildPhase;
			buildActionMask = 2147483647;
			files = (
				7ECB3C591D2A96840089147C /* ViewController.m in Sources */,
				7ECB3C561D2A96840089147C /* AppDelegate.m in Sources */,
				7ECB3C531D2A96840089147C /* main.m in Sources */,
			);
			runOnlyForDeploymentPostprocessing = 0;
		};
		7ECB3C631D2A96840089147C /* Sources */ = {
			isa = PBXSourcesBuildPhase;
			buildActionMask = 2147483647;
			files = (
				7ECB3C6C1D2A96840089147C /* _2______Tests.m in Sources */,
			);
			runOnlyForDeploymentPostprocessing = 0;
		};
		7ECB3C6E1D2A96840089147C /* Sources */ = {
			isa = PBXSourcesBuildPhase;
			buildActionMask = 2147483647;
			files = (
				7ECB3C771D2A96840089147C /* _2______UITests.m in Sources */,
			);
			runOnlyForDeploymentPostprocessing = 0;
		};
/* End PBXSourcesBuildPhase section */

/* Begin PBXTargetDependency section */
		7ECB3C691D2A96840089147C /* PBXTargetDependency */ = {
			isa = PBXTargetDependency;
			target = 7ECB3C4D1D2A96840089147C /* 12-图片轮播器 */;
			targetProxy = 7ECB3C681D2A96840089147C /* PBXContainerItemProxy */;
		};
		7ECB3C741D2A96840089147C /* PBXTargetDependency */ = {
			isa = PBXTargetDependency;
			target = 7ECB3C4D1D2A96840089147C /* 12-图片轮播器 */;
			targetProxy = 7ECB3C731D2A96840089147C /* PBXContainerItemProxy */;
		};
/* End PBXTargetDependency section */

/* Begin PBXVariantGroup section */
		7ECB3C5A1D2A96840089147C /* Main.storyboard */ = {
			isa = PBXVariantGroup;
			children = (
				7ECB3C5B1D2A96840089147C /* Base */,
			);
			name = Main.storyboard;
			sourceTree = "<group>";
		};
		7ECB3C5F1D2A96840089147C /* LaunchScreen.storyboard */ = {
			isa = PBXVariantGroup;
			children = (
				7ECB3C601D2A96840089147C /* Base */,
			);
			name = LaunchScreen.storyboard;
			sourceTree = "<group>";
		};
/* End PBXVariantGroup section */

/* Begin XCBuildConfiguration section */
		7ECB3C791D2A96840089147C /* Debug */ = {
			isa = XCBuildConfiguration;
			buildSettings = {
				ALWAYS_SEARCH_USER_PATHS = NO;
				CLANG_ANALYZER_NONNULL = YES;
				CLANG_CXX_LANGUAGE_STANDARD = "gnu++0x";
				CLANG_CXX_LIBRARY = "libc++";
				CLANG_ENABLE_MODULES = YES;
				CLANG_ENABLE_OBJC_ARC = YES;
				CLANG_WARN_BOOL_CONVERSION = YES;
				CLANG_WARN_CONSTANT_CONVERSION = YES;
				CLANG_WARN_DIRECT_OBJC_ISA_USAGE = YES_ERROR;
				CLANG_WARN_EMPTY_BODY = YES;
				CLANG_WARN_ENUM_CONVERSION = YES;
				CLANG_WARN_INT_CONVERSION = YES;
				CLANG_WARN_OBJC_ROOT_CLASS = YES_ERROR;
				CLANG_WARN_UNREACHABLE_CODE = YES;
				CLANG_WARN__DUPLICATE_METHOD_MATCH = YES;
				"CODE_SIGN_IDENTITY[sdk=iphoneos*]" = "iPhone Developer";
				COPY_PHASE_STRIP = NO;
				DEBUG_INFORMATION_FORMAT = dwarf;
				ENABLE_STRICT_OBJC_MSGSEND = YES;
				ENABLE_TESTABILITY = YES;
				GCC_C_LANGUAGE_STANDARD = gnu99;
				GCC_DYNAMIC_NO_PIC = NO;
				GCC_NO_COMMON_BLOCKS = YES;
				GCC_OPTIMIZATION_LEVEL = 0;
				GCC_PREPROCESSOR_DEFINITIONS = (
					"DEBUG=1",
					"$(inherited)",
				);
				GCC_WARN_64_TO_32_BIT_CONVERSION = YES;
				GCC_WARN_ABOUT_RETURN_TYPE = YES_ERROR;
				GCC_WARN_UNDECLARED_SELECTOR = YES;
				GCC_WARN_UNINITIALIZED_AUTOS = YES_AGGRESSIVE;
				GCC_WARN_UNUSED_FUNCTION = YES;
				GCC_WARN_UNUSED_VARIABLE = YES;
				IPHONEOS_DEPLOYMENT_TARGET = 9.3;
				MTL_ENABLE_DEBUG_INFO = YES;
				ONLY_ACTIVE_ARCH = YES;
				SDKROOT = iphoneos;
			};
			name = Debug;
		};
		7ECB3C7A1D2A96840089147C /* Release */ = {
			isa = XCBuildConfiguration;
			buildSettings = {
				ALWAYS_SEARCH_USER_PATHS = NO;
				CLANG_ANALYZER_NONNULL = YES;
				CLANG_CXX_LANGUAGE_STANDARD = "gnu++0x";
				CLANG_CXX_LIBRARY = "libc++";
				CLANG_ENABLE_MODULES = YES;
				CLANG_ENABLE_OBJC_ARC = YES;
				CLANG_WARN_BOOL_CONVERSION = YES;
				CLANG_WARN_CONSTANT_CONVERSION = YES;
				CLANG_WARN_DIRECT_OBJC_ISA_USAGE = YES_ERROR;
				CLANG_WARN_EMPTY_BODY = YES;
				CLANG_WARN_ENUM_CONVERSION = YES;
				CLANG_WARN_INT_CONVERSION = YES;
				CLANG_WARN_OBJC_ROOT_CLASS = YES_ERROR;
				CLANG_WARN_UNREACHABLE_CODE = YES;
				CLANG_WARN__DUPLICATE_METHOD_MATCH = YES;
				"CODE_SIGN_IDENTITY[sdk=iphoneos*]" = "iPhone Developer";
				COPY_PHASE_STRIP = NO;
				DEBUG_INFORMATION_FORMAT = "dwarf-with-dsym";
				ENABLE_NS_ASSERTIONS = NO;
				ENABLE_STRICT_OBJC_MSGSEND = YES;
				GCC_C_LANGUAGE_STANDARD = gnu99;
				GCC_NO_COMMON_BLOCKS = YES;
				GCC_WARN_64_TO_32_BIT_CONVERSION = YES;
				GCC_WARN_ABOUT_RETURN_TYPE = YES_ERROR;
				GCC_WARN_UNDECLARED_SELECTOR = YES;
				GCC_WARN_UNINITIALIZED_AUTOS = YES_AGGRESSIVE;
				GCC_WARN_UNUSED_FUNCTION = YES;
				GCC_WARN_UNUSED_VARIABLE = YES;
				IPHONEOS_DEPLOYMENT_TARGET = 9.3;
				MTL_ENABLE_DEBUG_INFO = NO;
				SDKROOT = iphoneos;
				VALIDATE_PRODUCT = YES;
			};
			name = Release;
		};
		7ECB3C7C1D2A96840089147C /* Debug */ = {
			isa = XCBuildConfiguration;
			buildSettings = {
				ASSETCATALOG_COMPILER_APPICON_NAME = AppIcon;
				INFOPLIST_FILE = "12-图片轮播器/Info.plist";
				LD_RUNPATH_SEARCH_PATHS = "$(inherited) @executable_path/Frameworks";
				PRODUCT_BUNDLE_IDENTIFIER = "cn.sdd.-2------";
				PRODUCT_NAME = "$(TARGET_NAME)";
			};
			name = Debug;
		};
		7ECB3C7D1D2A96840089147C /* Release */ = {
			isa = XCBuildConfiguration;
			buildSettings = {
				ASSETCATALOG_COMPILER_APPICON_NAME = AppIcon;
				INFOPLIST_FILE = "12-图片轮播器/Info.plist";
				LD_RUNPATH_SEARCH_PATHS = "$(inherited) @executable_path/Frameworks";
				PRODUCT_BUNDLE_IDENTIFIER = "cn.sdd.-2------";
				PRODUCT_NAME = "$(TARGET_NAME)";
			};
			name = Release;
		};
		7ECB3C7F1D2A96840089147C /* Debug */ = {
			isa = XCBuildConfiguration;
			buildSettings = {
				BUNDLE_LOADER = "$(TEST_HOST)";
				INFOPLIST_FILE = "12-图片轮播器Tests/Info.plist";
				LD_RUNPATH_SEARCH_PATHS = "$(inherited) @executable_path/Frameworks @loader_path/Frameworks";
				PRODUCT_BUNDLE_IDENTIFIER = "cn.sdd.-2------Tests";
				PRODUCT_NAME = "$(TARGET_NAME)";
				TEST_HOST = "$(BUILT_PRODUCTS_DIR)/12-图片轮播器.app/12-图片轮播器";
			};
			name = Debug;
		};
		7ECB3C801D2A96840089147C /* Release */ = {
			isa = XCBuildConfiguration;
			buildSettings = {
				BUNDLE_LOADER = "$(TEST_HOST)";
				INFOPLIST_FILE = "12-图片轮播器Tests/Info.plist";
				LD_RUNPATH_SEARCH_PATHS = "$(inherited) @executable_path/Frameworks @loader_path/Frameworks";
				PRODUCT_BUNDLE_IDENTIFIER = "cn.sdd.-2------Tests";
				PRODUCT_NAME = "$(TARGET_NAME)";
				TEST_HOST = "$(BUILT_PRODUCTS_DIR)/12-图片轮播器.app/12-图片轮播器";
			};
			name = Release;
		};
		7ECB3C821D2A96840089147C /* Debug */ = {
			isa = XCBuildConfiguration;
			buildSettings = {
				INFOPLIST_FILE = "12-图片轮播器UITests/Info.plist";
				LD_RUNPATH_SEARCH_PATHS = "$(inherited) @executable_path/Frameworks @loader_path/Frameworks";
				PRODUCT_BUNDLE_IDENTIFIER = "cn.sdd.-2------UITests";
				PRODUCT_NAME = "$(TARGET_NAME)";
				TEST_TARGET_NAME = "12-图片轮播器";
			};
			name = Debug;
		};
		7ECB3C831D2A96840089147C /* Release */ = {
			isa = XCBuildConfiguration;
			buildSettings = {
				INFOPLIST_FILE = "12-图片轮播器UITests/Info.plist";
				LD_RUNPATH_SEARCH_PATHS = "$(inherited) @executable_path/Frameworks @loader_path/Frameworks";
				PRODUCT_BUNDLE_IDENTIFIER = "cn.sdd.-2------UITests";
				PRODUCT_NAME = "$(TARGET_NAME)";
				TEST_TARGET_NAME = "12-图片轮播器";
			};
			name = Release;
		};
/* End XCBuildConfiguration section */

/* Begin XCConfigurationList section */
		7ECB3C491D2A96840089147C /* Build configuration list for PBXProject "12-图片轮播器" */ = {
			isa = XCConfigurationList;
			buildConfigurations = (
				7ECB3C791D2A96840089147C /* Debug */,
				7ECB3C7A1D2A96840089147C /* Release */,
			);
			defaultConfigurationIsVisible = 0;
			defaultConfigurationName = Release;
		};
		7ECB3C7B1D2A96840089147C /* Build configuration list for PBXNativeTarget "12-图片轮播器" */ = {
			isa = XCConfigurationList;
			buildConfigurations = (
				7ECB3C7C1D2A96840089147C /* Debug */,
				7ECB3C7D1D2A96840089147C /* Release */,
			);
			defaultConfigurationIsVisible = 0;
		};
		7ECB3C7E1D2A96840089147C /* Build configuration list for PBXNativeTarget "12-图片轮播器Tests" */ = {
			isa = XCConfigurationList;
			buildConfigurations = (
				7ECB3C7F1D2A96840089147C /* Debug */,
				7ECB3C801D2A96840089147C /* Release */,
			);
			defaultConfigurationIsVisible = 0;
		};
		7ECB3C811D2A96840089147C /* Build configuration list for PBXNativeTarget "12-图片轮播器UITests" */ = {
			isa = XCConfigurationList;
			buildConfigurations = (
				7ECB3C821D2A96840089147C /* Debug */,
				7ECB3C831D2A96840089147C /* Release */,
			);
			defaultConfigurationIsVisible = 0;
		};
/* End XCConfigurationList section */
	};
	rootObject = 7ECB3C461D2A96840089147C /* Project object */;
}
