// !$*UTF8*$!
{
	archiveVersion = 1;
	classes = {
	};
	objectVersion = 46;
	objects = {

/* Begin PBXBuildFile section */
		7E10B73C1D32817D0098A478 /* FooterView.xib in Resources */ = {isa = PBXBuildFile; fileRef = 7E10B73B1D32817D0098A478 /* FooterView.xib */; };
		7E10B7421D3287790098A478 /* FooterView.m in Sources */ = {isa = PBXBuildFile; fileRef = 7E10B7411D3287790098A478 /* FooterView.m */; };
		7E2087191D337AAC00924227 /* HeaderView.xib in Resources */ = {isa = PBXBuildFile; fileRef = 7E2087181D337AAC00924227 /* HeaderView.xib */; };
		7E20871C1D337AC300924227 /* HeaderView.m in Sources */ = {isa = PBXBuildFile; fileRef = 7E20871B1D337AC300924227 /* HeaderView.m */; };
		7E641C3B1D3114F600C25212 /* main.m in Sources */ = {isa = PBXBuildFile; fileRef = 7E641C3A1D3114F600C25212 /* main.m */; };
		7E641C3E1D3114F600C25212 /* AppDelegate.m in Sources */ = {isa = PBXBuildFile; fileRef = 7E641C3D1D3114F600C25212 /* AppDelegate.m */; };
		7E641C411D3114F600C25212 /* ViewController.m in Sources */ = {isa = PBXBuildFile; fileRef = 7E641C401D3114F600C25212 /* ViewController.m */; };
		7E641C441D3114F600C25212 /* Main.storyboard in Resources */ = {isa = PBXBuildFile; fileRef = 7E641C421D3114F600C25212 /* Main.storyboard */; };
		7E641C461D3114F600C25212 /* Assets.xcassets in Resources */ = {isa = PBXBuildFile; fileRef = 7E641C451D3114F600C25212 /* Assets.xcassets */; };
		7E641C491D3114F600C25212 /* LaunchScreen.storyboard in Resources */ = {isa = PBXBuildFile; fileRef = 7E641C471D3114F600C25212 /* LaunchScreen.storyboard */; };
		7E641C541D3114F600C25212 /* _6_____Tests.m in Sources */ = {isa = PBXBuildFile; fileRef = 7E641C531D3114F600C25212 /* _6_____Tests.m */; };
		7E641C5F1D3114F600C25212 /* _6_____UITests.m in Sources */ = {isa = PBXBuildFile; fileRef = 7E641C5E1D3114F600C25212 /* _6_____UITests.m */; };
		7E641C6D1D311CA800C25212 /* tgs.plist in Resources */ = {isa = PBXBuildFile; fileRef = 7E641C6C1D311CA800C25212 /* tgs.plist */; };
		7E641C731D311FC000C25212 /* ad_00.jpg in Resources */ = {isa = PBXBuildFile; fileRef = 7E641C6F1D311FC000C25212 /* ad_00.jpg */; };
		7E641C741D311FC000C25212 /* ad_01.jpg in Resources */ = {isa = PBXBuildFile; fileRef = 7E641C701D311FC000C25212 /* ad_01.jpg */; };
		7E641C751D311FC000C25212 /* ad_02.jpg in Resources */ = {isa = PBXBuildFile; fileRef = 7E641C711D311FC000C25212 /* ad_02.jpg */; };
		7E641C761D311FC000C25212 /* ad_03.jpg in Resources */ = {isa = PBXBuildFile; fileRef = 7E641C721D311FC000C25212 /* ad_03.jpg */; };
		7E641C851D311FCF00C25212 /* 30adcbef76094b364497a81ba4cc7cd98d109d3b.jpg in Resources */ = {isa = PBXBuildFile; fileRef = 7E641C781D311FCF00C25212 /* 30adcbef76094b364497a81ba4cc7cd98d109d3b.jpg */; };
		7E641C861D311FCF00C25212 /* 37d3d539b6003af3d7d18084332ac65c1138b6ef.jpg in Resources */ = {isa = PBXBuildFile; fileRef = 7E641C791D311FCF00C25212 /* 37d3d539b6003af3d7d18084332ac65c1138b6ef.jpg */; };
		7E641C871D311FCF00C25212 /* 43a7d933c895d1437146d99f74f082025aaf075d.jpg in Resources */ = {isa = PBXBuildFile; fileRef = 7E641C7A1D311FCF00C25212 /* 43a7d933c895d1437146d99f74f082025aaf075d.jpg */; };
		7E641C881D311FCF00C25212 /* 63d9f2d3572c11df18c2fa0f642762d0f703c28f.jpg in Resources */ = {isa = PBXBuildFile; fileRef = 7E641C7B1D311FCF00C25212 /* 63d9f2d3572c11df18c2fa0f642762d0f703c28f.jpg */; };
		7E641C891D311FCF00C25212 /* 7a899e510fb30f248f12cd90ce95d143ac4b039c.jpg in Resources */ = {isa = PBXBuildFile; fileRef = 7E641C7C1D311FCF00C25212 /* 7a899e510fb30f248f12cd90ce95d143ac4b039c.jpg */; };
		7E641C8A1D311FCF00C25212 /* 83025aafa40f4bfb569f96680b4f78f0f73618ba.jpg in Resources */ = {isa = PBXBuildFile; fileRef = 7E641C7D1D311FCF00C25212 /* 83025aafa40f4bfb569f96680b4f78f0f73618ba.jpg */; };
		7E641C8B1D311FCF00C25212 /* 8718367adab44aedf06ca092b51c8701a18bfba2.jpg in Resources */ = {isa = PBXBuildFile; fileRef = 7E641C7E1D311FCF00C25212 /* 8718367adab44aedf06ca092b51c8701a18bfba2.jpg */; };
		7E641C8C1D311FCF00C25212 /* 908fa0ec08fa513d1f35ab503b6d55fbb3fbd9a5.jpg in Resources */ = {isa = PBXBuildFile; fileRef = 7E641C7F1D311FCF00C25212 /* 908fa0ec08fa513d1f35ab503b6d55fbb3fbd9a5.jpg */; };
		7E641C8D1D311FCF00C25212 /* b21c8701a18b87d61cc24dfb000828381e30fd56.jpg in Resources */ = {isa = PBXBuildFile; fileRef = 7E641C801D311FCF00C25212 /* b21c8701a18b87d61cc24dfb000828381e30fd56.jpg */; };
		7E641C8E1D311FCF00C25212 /* b3b7d0a20cf431ad99446bbd4836acaf2fdd989b.jpg in Resources */ = {isa = PBXBuildFile; fileRef = 7E641C811D311FCF00C25212 /* b3b7d0a20cf431ad99446bbd4836acaf2fdd989b.jpg */; };
		7E641C8F1D311FCF00C25212 /* b3fb43166d224f4a7e3192ba0ef790529922d1eb.jpg in Resources */ = {isa = PBXBuildFile; fileRef = 7E641C821D311FCF00C25212 /* b3fb43166d224f4a7e3192ba0ef790529922d1eb.jpg */; };
		7E641C901D311FCF00C25212 /* f703738da977391228bcd799fe198618377ae2b4.jpg in Resources */ = {isa = PBXBuildFile; fileRef = 7E641C831D311FCF00C25212 /* f703738da977391228bcd799fe198618377ae2b4.jpg */; };
		7E641C911D311FCF00C25212 /* f9dcd100baa1cd11a042ab06be12c8fcc3ce2d24.jpg in Resources */ = {isa = PBXBuildFile; fileRef = 7E641C841D311FCF00C25212 /* f9dcd100baa1cd11a042ab06be12c8fcc3ce2d24.jpg */; };
		7E641C951D31200200C25212 /* ShopModel.m in Sources */ = {isa = PBXBuildFile; fileRef = 7E641C941D31200200C25212 /* ShopModel.m */; };
		7E641C9A1D31308600C25212 /* ShopCell.xib in Resources */ = {isa = PBXBuildFile; fileRef = 7E641C991D31308600C25212 /* ShopCell.xib */; };
		7E641C9D1D31491C00C25212 /* ShopCell.m in Sources */ = {isa = PBXBuildFile; fileRef = 7E641C9C1D31491C00C25212 /* ShopCell.m */; };
/* End PBXBuildFile section */

/* Begin PBXContainerItemProxy section */
		7E641C501D3114F600C25212 /* PBXContainerItemProxy */ = {
			isa = PBXContainerItemProxy;
			containerPortal = 7E641C2E1D3114F600C25212 /* Project object */;
			proxyType = 1;
			remoteGlobalIDString = 7E641C351D3114F600C25212;
			remoteInfo = "06-团购案例";
		};
		7E641C5B1D3114F600C25212 /* PBXContainerItemProxy */ = {
			isa = PBXContainerItemProxy;
			containerPortal = 7E641C2E1D3114F600C25212 /* Project object */;
			proxyType = 1;
			remoteGlobalIDString = 7E641C351D3114F600C25212;
			remoteInfo = "06-团购案例";
		};
/* End PBXContainerItemProxy section */

/* Begin PBXFileReference section */
		7E10B73B1D32817D0098A478 /* FooterView.xib */ = {isa = PBXFileReference; fileEncoding = 4; lastKnownFileType = file.xib; path = FooterView.xib; sourceTree = "<group>"; };
		7E10B7401D3287790098A478 /* FooterView.h */ = {isa = PBXFileReference; fileEncoding = 4; lastKnownFileType = sourcecode.c.h; path = FooterView.h; sourceTree = "<group>"; };
		7E10B7411D3287790098A478 /* FooterView.m */ = {isa = PBXFileReference; fileEncoding = 4; lastKnownFileType = sourcecode.c.objc; path = FooterView.m; sourceTree = "<group>"; };
		7E2087181D337AAC00924227 /* HeaderView.xib */ = {isa = PBXFileReference; fileEncoding = 4; lastKnownFileType = file.xib; path = HeaderView.xib; sourceTree = "<group>"; };
		7E20871A1D337AC300924227 /* HeaderView.h */ = {isa = PBXFileReference; fileEncoding = 4; lastKnownFileType = sourcecode.c.h; path = HeaderView.h; sourceTree = "<group>"; };
		7E20871B1D337AC300924227 /* HeaderView.m */ = {isa = PBXFileReference; fileEncoding = 4; lastKnownFileType = sourcecode.c.objc; path = HeaderView.m; sourceTree = "<group>"; };
		7E641C361D3114F600C25212 /* 06-团购案例.app */ = {isa = PBXFileReference; explicitFileType = wrapper.application; includeInIndex = 0; path = "06-团购案例.app"; sourceTree = BUILT_PRODUCTS_DIR; };
		7E641C3A1D3114F600C25212 /* main.m */ = {isa = PBXFileReference; lastKnownFileType = sourcecode.c.objc; path = main.m; sourceTree = "<group>"; };
		7E641C3C1D3114F600C25212 /* AppDelegate.h */ = {isa = PBXFileReference; lastKnownFileType = sourcecode.c.h; path = AppDelegate.h; sourceTree = "<group>"; };
		7E641C3D1D3114F600C25212 /* AppDelegate.m */ = {isa = PBXFileReference; lastKnownFileType = sourcecode.c.objc; path = AppDelegate.m; sourceTree = "<group>"; };
		7E641C3F1D3114F600C25212 /* ViewController.h */ = {isa = PBXFileReference; lastKnownFileType = sourcecode.c.h; path = ViewController.h; sourceTree = "<group>"; };
		7E641C401D3114F600C25212 /* ViewController.m */ = {isa = PBXFileReference; lastKnownFileType = sourcecode.c.objc; path = ViewController.m; sourceTree = "<group>"; };
		7E641C431D3114F600C25212 /* Base */ = {isa = PBXFileReference; lastKnownFileType = file.storyboard; name = Base; path = Base.lproj/Main.storyboard; sourceTree = "<group>"; };
		7E641C451D3114F600C25212 /* Assets.xcassets */ = {isa = PBXFileReference; lastKnownFileType = folder.assetcatalog; path = Assets.xcassets; sourceTree = "<group>"; };
		7E641C481D3114F600C25212 /* Base */ = {isa = PBXFileReference; lastKnownFileType = file.storyboard; name = Base; path = Base.lproj/LaunchScreen.storyboard; sourceTree = "<group>"; };
		7E641C4A1D3114F600C25212 /* Info.plist */ = {isa = PBXFileReference; lastKnownFileType = text.plist.xml; path = Info.plist; sourceTree = "<group>"; };
		7E641C4F1D3114F600C25212 /* 06-团购案例Tests.xctest */ = {isa = PBXFileReference; explicitFileType = wrapper.cfbundle; includeInIndex = 0; path = "06-团购案例Tests.xctest"; sourceTree = BUILT_PRODUCTS_DIR; };
		7E641C531D3114F600C25212 /* _6_____Tests.m */ = {isa = PBXFileReference; lastKnownFileType = sourcecode.c.objc; path = "_6_____Tests.m"; sourceTree = "<group>"; };
		7E641C551D3114F600C25212 /* Info.plist */ = {isa = PBXFileReference; lastKnownFileType = text.plist.xml; path = Info.plist; sourceTree = "<group>"; };
		7E641C5A1D3114F600C25212 /* 06-团购案例UITests.xctest */ = {isa = PBXFileReference; explicitFileType = wrapper.cfbundle; includeInIndex = 0; path = "06-团购案例UITests.xctest"; sourceTree = BUILT_PRODUCTS_DIR; };
		7E641C5E1D3114F600C25212 /* _6_____UITests.m */ = {isa = PBXFileReference; lastKnownFileType = sourcecode.c.objc; path = "_6_____UITests.m"; sourceTree = "<group>"; };
		7E641C601D3114F600C25212 /* Info.plist */ = {isa = PBXFileReference; lastKnownFileType = text.plist.xml; path = Info.plist; sourceTree = "<group>"; };
		7E641C6C1D311CA800C25212 /* tgs.plist */ = {isa = PBXFileReference; fileEncoding = 4; lastKnownFileType = text.plist.xml; path = tgs.plist; sourceTree = "<group>"; };
		7E641C6F1D311FC000C25212 /* ad_00.jpg */ = {isa = PBXFileReference; lastKnownFileType = image.jpeg; path = ad_00.jpg; sourceTree = "<group>"; };
		7E641C701D311FC000C25212 /* ad_01.jpg */ = {isa = PBXFileReference; lastKnownFileType = image.jpeg; path = ad_01.jpg; sourceTree = "<group>"; };
		7E641C711D311FC000C25212 /* ad_02.jpg */ = {isa = PBXFileReference; lastKnownFileType = image.jpeg; path = ad_02.jpg; sourceTree = "<group>"; };
		7E641C721D311FC000C25212 /* ad_03.jpg */ = {isa = PBXFileReference; lastKnownFileType = image.jpeg; path = ad_03.jpg; sourceTree = "<group>"; };
		7E641C781D311FCF00C25212 /* 30adcbef76094b364497a81ba4cc7cd98d109d3b.jpg */ = {isa = PBXFileReference; lastKnownFileType = image.jpeg; path = 30adcbef76094b364497a81ba4cc7cd98d109d3b.jpg; sourceTree = "<group>"; };
		7E641C791D311FCF00C25212 /* 37d3d539b6003af3d7d18084332ac65c1138b6ef.jpg */ = {isa = PBXFileReference; lastKnownFileType = image.jpeg; path = 37d3d539b6003af3d7d18084332ac65c1138b6ef.jpg; sourceTree = "<group>"; };
		7E641C7A1D311FCF00C25212 /* 43a7d933c895d1437146d99f74f082025aaf075d.jpg */ = {isa = PBXFileReference; lastKnownFileType = image.jpeg; path = 43a7d933c895d1437146d99f74f082025aaf075d.jpg; sourceTree = "<group>"; };
		7E641C7B1D311FCF00C25212 /* 63d9f2d3572c11df18c2fa0f642762d0f703c28f.jpg */ = {isa = PBXFileReference; lastKnownFileType = image.jpeg; path = 63d9f2d3572c11df18c2fa0f642762d0f703c28f.jpg; sourceTree = "<group>"; };
		7E641C7C1D311FCF00C25212 /* 7a899e510fb30f248f12cd90ce95d143ac4b039c.jpg */ = {isa = PBXFileReference; lastKnownFileType = image.jpeg; path = 7a899e510fb30f248f12cd90ce95d143ac4b039c.jpg; sourceTree = "<group>"; };
		7E641C7D1D311FCF00C25212 /* 83025aafa40f4bfb569f96680b4f78f0f73618ba.jpg */ = {isa = PBXFileReference; lastKnownFileType = image.jpeg; path = 83025aafa40f4bfb569f96680b4f78f0f73618ba.jpg; sourceTree = "<group>"; };
		7E641C7E1D311FCF00C25212 /* 8718367adab44aedf06ca092b51c8701a18bfba2.jpg */ = {isa = PBXFileReference; lastKnownFileType = image.jpeg; path = 8718367adab44aedf06ca092b51c8701a18bfba2.jpg; sourceTree = "<group>"; };
		7E641C7F1D311FCF00C25212 /* 908fa0ec08fa513d1f35ab503b6d55fbb3fbd9a5.jpg */ = {isa = PBXFileReference; lastKnownFileType = image.jpeg; path = 908fa0ec08fa513d1f35ab503b6d55fbb3fbd9a5.jpg; sourceTree = "<group>"; };
		7E641C801D311FCF00C25212 /* b21c8701a18b87d61cc24dfb000828381e30fd56.jpg */ = {isa = PBXFileReference; lastKnownFileType = image.jpeg; path = b21c8701a18b87d61cc24dfb000828381e30fd56.jpg; sourceTree = "<group>"; };
		7E641C811D311FCF00C25212 /* b3b7d0a20cf431ad99446bbd4836acaf2fdd989b.jpg */ = {isa = PBXFileReference; lastKnownFileType = image.jpeg; path = b3b7d0a20cf431ad99446bbd4836acaf2fdd989b.jpg; sourceTree = "<group>"; };
		7E641C821D311FCF00C25212 /* b3fb43166d224f4a7e3192ba0ef790529922d1eb.jpg */ = {isa = PBXFileReference; lastKnownFileType = image.jpeg; path = b3fb43166d224f4a7e3192ba0ef790529922d1eb.jpg; sourceTree = "<group>"; };
		7E641C831D311FCF00C25212 /* f703738da977391228bcd799fe198618377ae2b4.jpg */ = {isa = PBXFileReference; lastKnownFileType = image.jpeg; path = f703738da977391228bcd799fe198618377ae2b4.jpg; sourceTree = "<group>"; };
		7E641C841D311FCF00C25212 /* f9dcd100baa1cd11a042ab06be12c8fcc3ce2d24.jpg */ = {isa = PBXFileReference; lastKnownFileType = image.jpeg; path = f9dcd100baa1cd11a042ab06be12c8fcc3ce2d24.jpg; sourceTree = "<group>"; };
		7E641C931D31200200C25212 /* ShopModel.h */ = {isa = PBXFileReference; fileEncoding = 4; lastKnownFileType = sourcecode.c.h; path = ShopModel.h; sourceTree = "<group>"; };
		7E641C941D31200200C25212 /* ShopModel.m */ = {isa = PBXFileReference; fileEncoding = 4; lastKnownFileType = sourcecode.c.objc; path = ShopModel.m; sourceTree = "<group>"; };
		7E641C991D31308600C25212 /* ShopCell.xib */ = {isa = PBXFileReference; fileEncoding = 4; lastKnownFileType = file.xib; path = ShopCell.xib; sourceTree = "<group>"; };
		7E641C9B1D31491C00C25212 /* ShopCell.h */ = {isa = PBXFileReference; fileEncoding = 4; lastKnownFileType = sourcecode.c.h; path = ShopCell.h; sourceTree = "<group>"; };
		7E641C9C1D31491C00C25212 /* ShopCell.m */ = {isa = PBXFileReference; fileEncoding = 4; lastKnownFileType = sourcecode.c.objc; path = ShopCell.m; sourceTree = "<group>"; };
/* End PBXFileReference section */

/* Begin PBXFrameworksBuildPhase section */
		7E641C331D3114F600C25212 /* Frameworks */ = {
			isa = PBXFrameworksBuildPhase;
			buildActionMask = 2147483647;
			files = (
			);
			runOnlyForDeploymentPostprocessing = 0;
		};
		7E641C4C1D3114F600C25212 /* Frameworks */ = {
			isa = PBXFrameworksBuildPhase;
			buildActionMask = 2147483647;
			files = (
			);
			runOnlyForDeploymentPostprocessing = 0;
		};
		7E641C571D3114F600C25212 /* Frameworks */ = {
			isa = PBXFrameworksBuildPhase;
			buildActionMask = 2147483647;
			files = (
			);
			runOnlyForDeploymentPostprocessing = 0;
		};
/* End PBXFrameworksBuildPhase section */

/* Begin PBXGroup section */
		7E641C2D1D3114F600C25212 = {
			isa = PBXGroup;
			children = (
				7E641C381D3114F600C25212 /* 06-团购案例 */,
				7E641C521D3114F600C25212 /* 06-团购案例Tests */,
				7E641C5D1D3114F600C25212 /* 06-团购案例UITests */,
				7E641C371D3114F600C25212 /* Products */,
			);
			sourceTree = "<group>";
		};
		7E641C371D3114F600C25212 /* Products */ = {
			isa = PBXGroup;
			children = (
				7E641C361D3114F600C25212 /* 06-团购案例.app */,
				7E641C4F1D3114F600C25212 /* 06-团购案例Tests.xctest */,
				7E641C5A1D3114F600C25212 /* 06-团购案例UITests.xctest */,
			);
			name = Products;
			sourceTree = "<group>";
		};
		7E641C381D3114F600C25212 /* 06-团购案例 */ = {
			isa = PBXGroup;
			children = (
				7E641C981D312FF200C25212 /* others */,
				7E641C971D312FD100C25212 /* Controller */,
				7E641C961D312FBA00C25212 /* View */,
				7E641C921D311FDB00C25212 /* Model */,
				7E641C391D3114F600C25212 /* Supporting Files */,
			);
			path = "06-团购案例";
			sourceTree = "<group>";
		};
		7E641C391D3114F600C25212 /* Supporting Files */ = {
			isa = PBXGroup;
			children = (
				7E641C771D311FCF00C25212 /* icons */,
				7E641C6E1D311FC000C25212 /* ads */,
				7E641C3A1D3114F600C25212 /* main.m */,
				7E641C6C1D311CA800C25212 /* tgs.plist */,
			);
			name = "Supporting Files";
			sourceTree = "<group>";
		};
		7E641C521D3114F600C25212 /* 06-团购案例Tests */ = {
			isa = PBXGroup;
			children = (
				7E641C531D3114F600C25212 /* _6_____Tests.m */,
				7E641C551D3114F600C25212 /* Info.plist */,
			);
			path = "06-团购案例Tests";
			sourceTree = "<group>";
		};
		7E641C5D1D3114F600C25212 /* 06-团购案例UITests */ = {
			isa = PBXGroup;
			children = (
				7E641C5E1D3114F600C25212 /* _6_____UITests.m */,
				7E641C601D3114F600C25212 /* Info.plist */,
			);
			path = "06-团购案例UITests";
			sourceTree = "<group>";
		};
		7E641C6E1D311FC000C25212 /* ads */ = {
			isa = PBXGroup;
			children = (
				7E641C6F1D311FC000C25212 /* ad_00.jpg */,
				7E641C701D311FC000C25212 /* ad_01.jpg */,
				7E641C711D311FC000C25212 /* ad_02.jpg */,
				7E641C721D311FC000C25212 /* ad_03.jpg */,
			);
			path = ads;
			sourceTree = "<group>";
		};
		7E641C771D311FCF00C25212 /* icons */ = {
			isa = PBXGroup;
			children = (
				7E641C781D311FCF00C25212 /* 30adcbef76094b364497a81ba4cc7cd98d109d3b.jpg */,
				7E641C791D311FCF00C25212 /* 37d3d539b6003af3d7d18084332ac65c1138b6ef.jpg */,
				7E641C7A1D311FCF00C25212 /* 43a7d933c895d1437146d99f74f082025aaf075d.jpg */,
				7E641C7B1D311FCF00C25212 /* 63d9f2d3572c11df18c2fa0f642762d0f703c28f.jpg */,
				7E641C7C1D311FCF00C25212 /* 7a899e510fb30f248f12cd90ce95d143ac4b039c.jpg */,
				7E641C7D1D311FCF00C25212 /* 83025aafa40f4bfb569f96680b4f78f0f73618ba.jpg */,
				7E641C7E1D311FCF00C25212 /* 8718367adab44aedf06ca092b51c8701a18bfba2.jpg */,
				7E641C7F1D311FCF00C25212 /* 908fa0ec08fa513d1f35ab503b6d55fbb3fbd9a5.jpg */,
				7E641C801D311FCF00C25212 /* b21c8701a18b87d61cc24dfb000828381e30fd56.jpg */,
				7E641C811D311FCF00C25212 /* b3b7d0a20cf431ad99446bbd4836acaf2fdd989b.jpg */,
				7E641C821D311FCF00C25212 /* b3fb43166d224f4a7e3192ba0ef790529922d1eb.jpg */,
				7E641C831D311FCF00C25212 /* f703738da977391228bcd799fe198618377ae2b4.jpg */,
				7E641C841D311FCF00C25212 /* f9dcd100baa1cd11a042ab06be12c8fcc3ce2d24.jpg */,
			);
			path = icons;
			sourceTree = "<group>";
		};
		7E641C921D311FDB00C25212 /* Model */ = {
			isa = PBXGroup;
			children = (
				7E641C931D31200200C25212 /* ShopModel.h */,
				7E641C941D31200200C25212 /* ShopModel.m */,
			);
			name = Model;
			sourceTree = "<group>";
		};
		7E641C961D312FBA00C25212 /* View */ = {
			isa = PBXGroup;
			children = (
				7E641C421D3114F600C25212 /* Main.storyboard */,
				7E641C471D3114F600C25212 /* LaunchScreen.storyboard */,
				7E641C991D31308600C25212 /* ShopCell.xib */,
				7E641C9B1D31491C00C25212 /* ShopCell.h */,
				7E641C9C1D31491C00C25212 /* ShopCell.m */,
				7E10B73B1D32817D0098A478 /* FooterView.xib */,
				7E10B7401D3287790098A478 /* FooterView.h */,
				7E10B7411D3287790098A478 /* FooterView.m */,
				7E2087181D337AAC00924227 /* HeaderView.xib */,
				7E20871A1D337AC300924227 /* HeaderView.h */,
				7E20871B1D337AC300924227 /* HeaderView.m */,
			);
			name = View;
			sourceTree = "<group>";
		};
		7E641C971D312FD100C25212 /* Controller */ = {
			isa = PBXGroup;
			children = (
				7E641C3F1D3114F600C25212 /* ViewController.h */,
				7E641C401D3114F600C25212 /* ViewController.m */,
			);
			name = Controller;
			sourceTree = "<group>";
		};
		7E641C981D312FF200C25212 /* others */ = {
			isa = PBXGroup;
			children = (
				7E641C3D1D3114F600C25212 /* AppDelegate.m */,
				7E641C3C1D3114F600C25212 /* AppDelegate.h */,
				7E641C451D3114F600C25212 /* Assets.xcassets */,
				7E641C4A1D3114F600C25212 /* Info.plist */,
			);
			name = others;
			sourceTree = "<group>";
		};
/* End PBXGroup section */

/* Begin PBXNativeTarget section */
		7E641C351D3114F600C25212 /* 06-团购案例 */ = {
			isa = PBXNativeTarget;
			buildConfigurationList = 7E641C631D3114F600C25212 /* Build configuration list for PBXNativeTarget "06-团购案例" */;
			buildPhases = (
				7E641C321D3114F600C25212 /* Sources */,
				7E641C331D3114F600C25212 /* Frameworks */,
				7E641C341D3114F600C25212 /* Resources */,
			);
			buildRules = (
			);
			dependencies = (
			);
			name = "06-团购案例";
			productName = "06-团购案例";
			productReference = 7E641C361D3114F600C25212 /* 06-团购案例.app */;
			productType = "com.apple.product-type.application";
		};
		7E641C4E1D3114F600C25212 /* 06-团购案例Tests */ = {
			isa = PBXNativeTarget;
			buildConfigurationList = 7E641C661D3114F600C25212 /* Build configuration list for PBXNativeTarget "06-团购案例Tests" */;
			buildPhases = (
				7E641C4B1D3114F600C25212 /* Sources */,
				7E641C4C1D3114F600C25212 /* Frameworks */,
				7E641C4D1D3114F600C25212 /* Resources */,
			);
			buildRules = (
			);
			dependencies = (
				7E641C511D3114F600C25212 /* PBXTargetDependency */,
			);
			name = "06-团购案例Tests";
			productName = "06-团购案例Tests";
			productReference = 7E641C4F1D3114F600C25212 /* 06-团购案例Tests.xctest */;
			productType = "com.apple.product-type.bundle.unit-test";
		};
		7E641C591D3114F600C25212 /* 06-团购案例UITests */ = {
			isa = PBXNativeTarget;
			buildConfigurationList = 7E641C691D3114F600C25212 /* Build configuration list for PBXNativeTarget "06-团购案例UITests" */;
			buildPhases = (
				7E641C561D3114F600C25212 /* Sources */,
				7E641C571D3114F600C25212 /* Frameworks */,
				7E641C581D3114F600C25212 /* Resources */,
			);
			buildRules = (
			);
			dependencies = (
				7E641C5C1D3114F600C25212 /* PBXTargetDependency */,
			);
			name = "06-团购案例UITests";
			productName = "06-团购案例UITests";
			productReference = 7E641C5A1D3114F600C25212 /* 06-团购案例UITests.xctest */;
			productType = "com.apple.product-type.bundle.ui-testing";
		};
/* End PBXNativeTarget section */

/* Begin PBXProject section */
		7E641C2E1D3114F600C25212 /* Project object */ = {
			isa = PBXProject;
			attributes = {
				LastUpgradeCheck = 0730;
				ORGANIZATIONNAME = SDD;
				TargetAttributes = {
					7E641C351D3114F600C25212 = {
						CreatedOnToolsVersion = 7.3.1;
						DevelopmentTeam = 22U5BK4X7S;
					};
					7E641C4E1D3114F600C25212 = {
						CreatedOnToolsVersion = 7.3.1;
						DevelopmentTeam = P23TNUYQ7Q;
						TestTargetID = 7E641C351D3114F600C25212;
					};
					7E641C591D3114F600C25212 = {
						CreatedOnToolsVersion = 7.3.1;
						DevelopmentTeam = P23TNUYQ7Q;
						TestTargetID = 7E641C351D3114F600C25212;
					};
				};
			};
			buildConfigurationList = 7E641C311D3114F600C25212 /* Build configuration list for PBXProject "06-团购案例" */;
			compatibilityVersion = "Xcode 3.2";
			developmentRegion = English;
			hasScannedForEncodings = 0;
			knownRegions = (
				en,
				Base,
			);
			mainGroup = 7E641C2D1D3114F600C25212;
			productRefGroup = 7E641C371D3114F600C25212 /* Products */;
			projectDirPath = "";
			projectRoot = "";
			targets = (
				7E641C351D3114F600C25212 /* 06-团购案例 */,
				7E641C4E1D3114F600C25212 /* 06-团购案例Tests */,
				7E641C591D3114F600C25212 /* 06-团购案例UITests */,
			);
		};
/* End PBXProject section */

/* Begin PBXResourcesBuildPhase section */
		7E641C341D3114F600C25212 /* Resources */ = {
			isa = PBXResourcesBuildPhase;
			buildActionMask = 2147483647;
			files = (
				7E641C751D311FC000C25212 /* ad_02.jpg in Resources */,
				7E641C491D3114F600C25212 /* LaunchScreen.storyboard in Resources */,
				7E641C911D311FCF00C25212 /* f9dcd100baa1cd11a042ab06be12c8fcc3ce2d24.jpg in Resources */,
				7E2087191D337AAC00924227 /* HeaderView.xib in Resources */,
				7E10B73C1D32817D0098A478 /* FooterView.xib in Resources */,
				7E641C881D311FCF00C25212 /* 63d9f2d3572c11df18c2fa0f642762d0f703c28f.jpg in Resources */,
				7E641C731D311FC000C25212 /* ad_00.jpg in Resources */,
				7E641C8B1D311FCF00C25212 /* 8718367adab44aedf06ca092b51c8701a18bfba2.jpg in Resources */,
				7E641C6D1D311CA800C25212 /* tgs.plist in Resources */,
				7E641C891D311FCF00C25212 /* 7a899e510fb30f248f12cd90ce95d143ac4b039c.jpg in Resources */,
				7E641C901D311FCF00C25212 /* f703738da977391228bcd799fe198618377ae2b4.jpg in Resources */,
				7E641C461D3114F600C25212 /* Assets.xcassets in Resources */,
				7E641C8E1D311FCF00C25212 /* b3b7d0a20cf431ad99446bbd4836acaf2fdd989b.jpg in Resources */,
				7E641C8F1D311FCF00C25212 /* b3fb43166d224f4a7e3192ba0ef790529922d1eb.jpg in Resources */,
				7E641C851D311FCF00C25212 /* 30adcbef76094b364497a81ba4cc7cd98d109d3b.jpg in Resources */,
				7E641C8D1D311FCF00C25212 /* b21c8701a18b87d61cc24dfb000828381e30fd56.jpg in Resources */,
				7E641C8A1D311FCF00C25212 /* 83025aafa40f4bfb569f96680b4f78f0f73618ba.jpg in Resources */,
				7E641C9A1D31308600C25212 /* ShopCell.xib in Resources */,
				7E641C441D3114F600C25212 /* Main.storyboard in Resources */,
				7E641C871D311FCF00C25212 /* 43a7d933c895d1437146d99f74f082025aaf075d.jpg in Resources */,
				7E641C741D311FC000C25212 /* ad_01.jpg in Resources */,
				7E641C861D311FCF00C25212 /* 37d3d539b6003af3d7d18084332ac65c1138b6ef.jpg in Resources */,
				7E641C761D311FC000C25212 /* ad_03.jpg in Resources */,
				7E641C8C1D311FCF00C25212 /* 908fa0ec08fa513d1f35ab503b6d55fbb3fbd9a5.jpg in Resources */,
			);
			runOnlyForDeploymentPostprocessing = 0;
		};
		7E641C4D1D3114F600C25212 /* Resources */ = {
			isa = PBXResourcesBuildPhase;
			buildActionMask = 2147483647;
			files = (
			);
			runOnlyForDeploymentPostprocessing = 0;
		};
		7E641C581D3114F600C25212 /* Resources */ = {
			isa = PBXResourcesBuildPhase;
			buildActionMask = 2147483647;
			files = (
			);
			runOnlyForDeploymentPostprocessing = 0;
		};
/* End PBXResourcesBuildPhase section */

/* Begin PBXSourcesBuildPhase section */
		7E641C321D3114F600C25212 /* Sources */ = {
			isa = PBXSourcesBuildPhase;
			buildActionMask = 2147483647;
			files = (
				7E20871C1D337AC300924227 /* HeaderView.m in Sources */,
				7E641C411D3114F600C25212 /* ViewController.m in Sources */,
				7E641C951D31200200C25212 /* ShopModel.m in Sources */,
				7E641C3E1D3114F600C25212 /* AppDelegate.m in Sources */,
				7E10B7421D3287790098A478 /* FooterView.m in Sources */,
				7E641C9D1D31491C00C25212 /* ShopCell.m in Sources */,
				7E641C3B1D3114F600C25212 /* main.m in Sources */,
			);
			runOnlyForDeploymentPostprocessing = 0;
		};
		7E641C4B1D3114F600C25212 /* Sources */ = {
			isa = PBXSourcesBuildPhase;
			buildActionMask = 2147483647;
			files = (
				7E641C541D3114F600C25212 /* _6_____Tests.m in Sources */,
			);
			runOnlyForDeploymentPostprocessing = 0;
		};
		7E641C561D3114F600C25212 /* Sources */ = {
			isa = PBXSourcesBuildPhase;
			buildActionMask = 2147483647;
			files = (
				7E641C5F1D3114F600C25212 /* _6_____UITests.m in Sources */,
			);
			runOnlyForDeploymentPostprocessing = 0;
		};
/* End PBXSourcesBuildPhase section */

/* Begin PBXTargetDependency section */
		7E641C511D3114F600C25212 /* PBXTargetDependency */ = {
			isa = PBXTargetDependency;
			target = 7E641C351D3114F600C25212 /* 06-团购案例 */;
			targetProxy = 7E641C501D3114F600C25212 /* PBXContainerItemProxy */;
		};
		7E641C5C1D3114F600C25212 /* PBXTargetDependency */ = {
			isa = PBXTargetDependency;
			target = 7E641C351D3114F600C25212 /* 06-团购案例 */;
			targetProxy = 7E641C5B1D3114F600C25212 /* PBXContainerItemProxy */;
		};
/* End PBXTargetDependency section */

/* Begin PBXVariantGroup section */
		7E641C421D3114F600C25212 /* Main.storyboard */ = {
			isa = PBXVariantGroup;
			children = (
				7E641C431D3114F600C25212 /* Base */,
			);
			name = Main.storyboard;
			sourceTree = "<group>";
		};
		7E641C471D3114F600C25212 /* LaunchScreen.storyboard */ = {
			isa = PBXVariantGroup;
			children = (
				7E641C481D3114F600C25212 /* Base */,
			);
			name = LaunchScreen.storyboard;
			sourceTree = "<group>";
		};
/* End PBXVariantGroup section */

/* Begin XCBuildConfiguration section */
		7E641C611D3114F600C25212 /* Debug */ = {
			isa = XCBuildConfiguration;
			buildSettings = {
				ALWAYS_SEARCH_USER_PATHS = NO;
				CLANG_ANALYZER_NONNULL = YES;
				CLANG_CXX_LANGUAGE_STANDARD = "gnu++0x";
				CLANG_CXX_LIBRARY = "libc++";
				CLANG_ENABLE_MODULES = YES;
				CLANG_ENABLE_OBJC_ARC = YES;
				CLANG_WARN_BOOL_CONVERSION = YES;
				CLANG_WARN_CONSTANT_CONVERSION = YES;
				CLANG_WARN_DIRECT_OBJC_ISA_USAGE = YES_ERROR;
				CLANG_WARN_EMPTY_BODY = YES;
				CLANG_WARN_ENUM_CONVERSION = YES;
				CLANG_WARN_INT_CONVERSION = YES;
				CLANG_WARN_OBJC_ROOT_CLASS = YES_ERROR;
				CLANG_WARN_UNREACHABLE_CODE = YES;
				CLANG_WARN__DUPLICATE_METHOD_MATCH = YES;
				"CODE_SIGN_IDENTITY[sdk=iphoneos*]" = "iPhone Developer";
				COPY_PHASE_STRIP = NO;
				DEBUG_INFORMATION_FORMAT = dwarf;
				ENABLE_STRICT_OBJC_MSGSEND = YES;
				ENABLE_TESTABILITY = YES;
				GCC_C_LANGUAGE_STANDARD = gnu99;
				GCC_DYNAMIC_NO_PIC = NO;
				GCC_NO_COMMON_BLOCKS = YES;
				GCC_OPTIMIZATION_LEVEL = 0;
				GCC_PREPROCESSOR_DEFINITIONS = (
					"DEBUG=1",
					"$(inherited)",
				);
				GCC_WARN_64_TO_32_BIT_CONVERSION = YES;
				GCC_WARN_ABOUT_RETURN_TYPE = YES_ERROR;
				GCC_WARN_UNDECLARED_SELECTOR = YES;
				GCC_WARN_UNINITIALIZED_AUTOS = YES_AGGRESSIVE;
				GCC_WARN_UNUSED_FUNCTION = YES;
				GCC_WARN_UNUSED_VARIABLE = YES;
				IPHONEOS_DEPLOYMENT_TARGET = 9.3;
				MTL_ENABLE_DEBUG_INFO = YES;
				ONLY_ACTIVE_ARCH = YES;
				SDKROOT = iphoneos;
			};
			name = Debug;
		};
		7E641C621D3114F600C25212 /* Release */ = {
			isa = XCBuildConfiguration;
			buildSettings = {
				ALWAYS_SEARCH_USER_PATHS = NO;
				CLANG_ANALYZER_NONNULL = YES;
				CLANG_CXX_LANGUAGE_STANDARD = "gnu++0x";
				CLANG_CXX_LIBRARY = "libc++";
				CLANG_ENABLE_MODULES = YES;
				CLANG_ENABLE_OBJC_ARC = YES;
				CLANG_WARN_BOOL_CONVERSION = YES;
				CLANG_WARN_CONSTANT_CONVERSION = YES;
				CLANG_WARN_DIRECT_OBJC_ISA_USAGE = YES_ERROR;
				CLANG_WARN_EMPTY_BODY = YES;
				CLANG_WARN_ENUM_CONVERSION = YES;
				CLANG_WARN_INT_CONVERSION = YES;
				CLANG_WARN_OBJC_ROOT_CLASS = YES_ERROR;
				CLANG_WARN_UNREACHABLE_CODE = YES;
				CLANG_WARN__DUPLICATE_METHOD_MATCH = YES;
				"CODE_SIGN_IDENTITY[sdk=iphoneos*]" = "iPhone Developer";
				COPY_PHASE_STRIP = NO;
				DEBUG_INFORMATION_FORMAT = "dwarf-with-dsym";
				ENABLE_NS_ASSERTIONS = NO;
				ENABLE_STRICT_OBJC_MSGSEND = YES;
				GCC_C_LANGUAGE_STANDARD = gnu99;
				GCC_NO_COMMON_BLOCKS = YES;
				GCC_WARN_64_TO_32_BIT_CONVERSION = YES;
				GCC_WARN_ABOUT_RETURN_TYPE = YES_ERROR;
				GCC_WARN_UNDECLARED_SELECTOR = YES;
				GCC_WARN_UNINITIALIZED_AUTOS = YES_AGGRESSIVE;
				GCC_WARN_UNUSED_FUNCTION = YES;
				GCC_WARN_UNUSED_VARIABLE = YES;
				IPHONEOS_DEPLOYMENT_TARGET = 9.3;
				MTL_ENABLE_DEBUG_INFO = NO;
				SDKROOT = iphoneos;
				VALIDATE_PRODUCT = YES;
			};
			name = Release;
		};
		7E641C641D3114F600C25212 /* Debug */ = {
			isa = XCBuildConfiguration;
			buildSettings = {
				ASSETCATALOG_COMPILER_APPICON_NAME = AppIcon;
				CODE_SIGN_IDENTITY = "iPhone Developer";
				INFOPLIST_FILE = "06-团购案例/Info.plist";
				LD_RUNPATH_SEARCH_PATHS = "$(inherited) @executable_path/Frameworks";
				PRODUCT_BUNDLE_IDENTIFIER = "cn.sdd.-6-----";
				PRODUCT_NAME = "$(TARGET_NAME)";
			};
			name = Debug;
		};
		7E641C651D3114F600C25212 /* Release */ = {
			isa = XCBuildConfiguration;
			buildSettings = {
				ASSETCATALOG_COMPILER_APPICON_NAME = AppIcon;
				CODE_SIGN_IDENTITY = "iPhone Developer";
				INFOPLIST_FILE = "06-团购案例/Info.plist";
				LD_RUNPATH_SEARCH_PATHS = "$(inherited) @executable_path/Frameworks";
				PRODUCT_BUNDLE_IDENTIFIER = "cn.sdd.-6-----";
				PRODUCT_NAME = "$(TARGET_NAME)";
			};
			name = Release;
		};
		7E641C671D3114F600C25212 /* Debug */ = {
			isa = XCBuildConfiguration;
			buildSettings = {
				BUNDLE_LOADER = "$(TEST_HOST)";
				INFOPLIST_FILE = "06-团购案例Tests/Info.plist";
				LD_RUNPATH_SEARCH_PATHS = "$(inherited) @executable_path/Frameworks @loader_path/Frameworks";
				PRODUCT_BUNDLE_IDENTIFIER = "cn.sdd.-6-----Tests";
				PRODUCT_NAME = "$(TARGET_NAME)";
				TEST_HOST = "$(BUILT_PRODUCTS_DIR)/06-团购案例.app/06-团购案例";
			};
			name = Debug;
		};
		7E641C681D3114F600C25212 /* Release */ = {
			isa = XCBuildConfiguration;
			buildSettings = {
				BUNDLE_LOADER = "$(TEST_HOST)";
				INFOPLIST_FILE = "06-团购案例Tests/Info.plist";
				LD_RUNPATH_SEARCH_PATHS = "$(inherited) @executable_path/Frameworks @loader_path/Frameworks";
				PRODUCT_BUNDLE_IDENTIFIER = "cn.sdd.-6-----Tests";
				PRODUCT_NAME = "$(TARGET_NAME)";
				TEST_HOST = "$(BUILT_PRODUCTS_DIR)/06-团购案例.app/06-团购案例";
			};
			name = Release;
		};
		7E641C6A1D3114F600C25212 /* Debug */ = {
			isa = XCBuildConfiguration;
			buildSettings = {
				INFOPLIST_FILE = "06-团购案例UITests/Info.plist";
				LD_RUNPATH_SEARCH_PATHS = "$(inherited) @executable_path/Frameworks @loader_path/Frameworks";
				PRODUCT_BUNDLE_IDENTIFIER = "cn.sdd.-6-----UITests";
				PRODUCT_NAME = "$(TARGET_NAME)";
				TEST_TARGET_NAME = "06-团购案例";
			};
			name = Debug;
		};
		7E641C6B1D3114F600C25212 /* Release */ = {
			isa = XCBuildConfiguration;
			buildSettings = {
				INFOPLIST_FILE = "06-团购案例UITests/Info.plist";
				LD_RUNPATH_SEARCH_PATHS = "$(inherited) @executable_path/Frameworks @loader_path/Frameworks";
				PRODUCT_BUNDLE_IDENTIFIER = "cn.sdd.-6-----UITests";
				PRODUCT_NAME = "$(TARGET_NAME)";
				TEST_TARGET_NAME = "06-团购案例";
			};
			name = Release;
		};
/* End XCBuildConfiguration section */

/* Begin XCConfigurationList section */
		7E641C311D3114F600C25212 /* Build configuration list for PBXProject "06-团购案例" */ = {
			isa = XCConfigurationList;
			buildConfigurations = (
				7E641C611D3114F600C25212 /* Debug */,
				7E641C621D3114F600C25212 /* Release */,
			);
			defaultConfigurationIsVisible = 0;
			defaultConfigurationName = Release;
		};
		7E641C631D3114F600C25212 /* Build configuration list for PBXNativeTarget "06-团购案例" */ = {
			isa = XCConfigurationList;
			buildConfigurations = (
				7E641C641D3114F600C25212 /* Debug */,
				7E641C651D3114F600C25212 /* Release */,
			);
			defaultConfigurationIsVisible = 0;
			defaultConfigurationName = Release;
		};
		7E641C661D3114F600C25212 /* Build configuration list for PBXNativeTarget "06-团购案例Tests" */ = {
			isa = XCConfigurationList;
			buildConfigurations = (
				7E641C671D3114F600C25212 /* Debug */,
				7E641C681D3114F600C25212 /* Release */,
			);
			defaultConfigurationIsVisible = 0;
			defaultConfigurationName = Release;
		};
		7E641C691D3114F600C25212 /* Build configuration list for PBXNativeTarget "06-团购案例UITests" */ = {
			isa = XCConfigurationList;
			buildConfigurations = (
				7E641C6A1D3114F600C25212 /* Debug */,
				7E641C6B1D3114F600C25212 /* Release */,
			);
			defaultConfigurationIsVisible = 0;
			defaultConfigurationName = Release;
		};
/* End XCConfigurationList section */
	};
	rootObject = 7E641C2E1D3114F600C25212 /* Project object */;
}
